
Microsoft Visual Studio Solution File, Format Version 12.00
# Visual Studio Version 17
VisualStudioVersion = 17.11.35303.130
MinimumVisualStudioVersion = 10.0.40219.1
Project("{FAE04EC0-301F-11D3-BF4B-00C04F79EFBC}") = "TaskManagerWPF", "TaskManagerWPF\TaskManagerWPF.csproj", "{388E174B-4F06-4253-9917-833AE8C21D9E}"
EndProject
Global
	GlobalSection(SolutionConfigurationPlatforms) = preSolution
		Debug|Any CPU = Debug|Any CPU
		Release|Any CPU = Release|Any CPU
	EndGlobalSection
	GlobalSection(ProjectConfigurationPlatforms) = postSolution
		{388E174B-4F06-4253-9917-833AE8C21D9E}.Debug|Any CPU.ActiveCfg = Debug|Any CPU
		{388E174B-4F06-4253-9917-833AE8C21D9E}.Debug|Any CPU.Build.0 = Debug|Any CPU
		{388E174B-4F06-4253-9917-833AE8C21D9E}.Release|Any CPU.ActiveCfg = Release|Any CPU
		{388E174B-4F06-4253-9917-833AE8C21D9E}.Release|Any CPU.Build.0 = Release|Any CPU
	EndGlobalSection
	GlobalSection(SolutionProperties) = preSolution
		HideSolutionNode = FALSE
	EndGlobalSection
	GlobalSection(ExtensibilityGlobals) = postSolution
		SolutionGuid = {DA60CF19-A795-4326-828C-C62B332B4666}
	EndGlobalSection
EndGlobal
